// !$*UTF8*$!
{
	archiveVersion = 1;
	classes = {
	};
	objectVersion = 46;
	objects = {

/* Begin PBXBuildFile section */
		2B208A6814731DDB00B25E51 /* NSObject+SBJson.m in Sources */ = {isa = PBXBuildFile; fileRef = 2B208A5014731DDB00B25E51 /* NSObject+SBJson.m */; };
		2B208A6914731DDB00B25E51 /* SBJsonParser.m in Sources */ = {isa = PBXBuildFile; fileRef = 2B208A5314731DDB00B25E51 /* SBJsonParser.m */; };
		2B208A6A14731DDB00B25E51 /* SBJsonStreamParser.m in Sources */ = {isa = PBXBuildFile; fileRef = 2B208A5514731DDB00B25E51 /* SBJsonStreamParser.m */; };
		2B208A6B14731DDB00B25E51 /* SBJsonStreamParserAccumulator.m in Sources */ = {isa = PBXBuildFile; fileRef = 2B208A5714731DDB00B25E51 /* SBJsonStreamParserAccumulator.m */; };
		2B208A6C14731DDB00B25E51 /* SBJsonStreamParserAdapter.m in Sources */ = {isa = PBXBuildFile; fileRef = 2B208A5914731DDB00B25E51 /* SBJsonStreamParserAdapter.m */; };
		2B208A6D14731DDB00B25E51 /* SBJsonStreamParserState.m in Sources */ = {isa = PBXBuildFile; fileRef = 2B208A5B14731DDB00B25E51 /* SBJsonStreamParserState.m */; };
		2B208A6E14731DDB00B25E51 /* SBJsonStreamWriter.m in Sources */ = {isa = PBXBuildFile; fileRef = 2B208A5D14731DDB00B25E51 /* SBJsonStreamWriter.m */; };
		2B208A6F14731DDB00B25E51 /* SBJsonStreamWriterAccumulator.m in Sources */ = {isa = PBXBuildFile; fileRef = 2B208A5F14731DDB00B25E51 /* SBJsonStreamWriterAccumulator.m */; };
		2B208A7014731DDB00B25E51 /* SBJsonStreamWriterState.m in Sources */ = {isa = PBXBuildFile; fileRef = 2B208A6114731DDB00B25E51 /* SBJsonStreamWriterState.m */; };
		2B208A7114731DDB00B25E51 /* SBJsonTokeniser.m in Sources */ = {isa = PBXBuildFile; fileRef = 2B208A6314731DDB00B25E51 /* SBJsonTokeniser.m */; };
		2B208A7214731DDB00B25E51 /* SBJsonUTF8Stream.m in Sources */ = {isa = PBXBuildFile; fileRef = 2B208A6514731DDB00B25E51 /* SBJsonUTF8Stream.m */; };
		2B208A7314731DDB00B25E51 /* SBJsonWriter.m in Sources */ = {isa = PBXBuildFile; fileRef = 2B208A6714731DDB00B25E51 /* SBJsonWriter.m */; };
		2B294F8F1472F2130096857A /* 103-map.png in Resources */ = {isa = PBXBuildFile; fileRef = 2B294F8D1472F2130096857A /* 103-map.png */; };
		2B294F901472F2130096857A /* 103-map@2x.png in Resources */ = {isa = PBXBuildFile; fileRef = 2B294F8E1472F2130096857A /* 103-map@2x.png */; };
		2B294F981472F8720096857A /* CoreLocation.framework in Frameworks */ = {isa = PBXBuildFile; fileRef = 2B294F971472F8720096857A /* CoreLocation.framework */; };
		2B294F9B1472F9640096857A /* CLController.m in Sources */ = {isa = PBXBuildFile; fileRef = 2B294F9A1472F9640096857A /* CLController.m */; };
		2B294F9D147303010096857A /* MapKit.framework in Frameworks */ = {isa = PBXBuildFile; fileRef = 2B294F9C147303010096857A /* MapKit.framework */; };
		2B891B181472F08B00FB908B /* MapViewController.m in Sources */ = {isa = PBXBuildFile; fileRef = 2B891B171472F08B00FB908B /* MapViewController.m */; };
		2B891B1E1472F0EA00FB908B /* MapViewController_iPhone.xib in Resources */ = {isa = PBXBuildFile; fileRef = 2B891B1C1472F0EA00FB908B /* MapViewController_iPhone.xib */; };
		2B9D7583146526FD00773D5A /* UIKit.framework in Frameworks */ = {isa = PBXBuildFile; fileRef = 2B9D7582146526FD00773D5A /* UIKit.framework */; };
		2B9D7585146526FD00773D5A /* Foundation.framework in Frameworks */ = {isa = PBXBuildFile; fileRef = 2B9D7584146526FD00773D5A /* Foundation.framework */; };
		2B9D7587146526FD00773D5A /* CoreGraphics.framework in Frameworks */ = {isa = PBXBuildFile; fileRef = 2B9D7586146526FD00773D5A /* CoreGraphics.framework */; };
		2B9D758D146526FD00773D5A /* InfoPlist.strings in Resources */ = {isa = PBXBuildFile; fileRef = 2B9D758B146526FD00773D5A /* InfoPlist.strings */; };
		2B9D758F146526FD00773D5A /* main.m in Sources */ = {isa = PBXBuildFile; fileRef = 2B9D758E146526FD00773D5A /* main.m */; };
		2B9D7593146526FD00773D5A /* AppDelegate.m in Sources */ = {isa = PBXBuildFile; fileRef = 2B9D7592146526FD00773D5A /* AppDelegate.m */; };
		2B9D7596146526FD00773D5A /* FeedViewController.m in Sources */ = {isa = PBXBuildFile; fileRef = 2B9D7595146526FD00773D5A /* FeedViewController.m */; };
		2B9D759D146526FD00773D5A /* UpdateViewController.m in Sources */ = {isa = PBXBuildFile; fileRef = 2B9D759C146526FD00773D5A /* UpdateViewController.m */; };
		2B9D75A4146526FD00773D5A /* FeedViewController_iPhone.xib in Resources */ = {isa = PBXBuildFile; fileRef = 2B9D75A2146526FD00773D5A /* FeedViewController_iPhone.xib */; };
		2B9D75A7146526FD00773D5A /* FeedViewController_iPad.xib in Resources */ = {isa = PBXBuildFile; fileRef = 2B9D75A5146526FD00773D5A /* FeedViewController_iPad.xib */; };
		2B9D75AA146526FD00773D5A /* UpdateViewController_iPhone.xib in Resources */ = {isa = PBXBuildFile; fileRef = 2B9D75A8146526FD00773D5A /* UpdateViewController_iPhone.xib */; };
		2B9D75AD146526FD00773D5A /* UpdateViewController_iPad.xib in Resources */ = {isa = PBXBuildFile; fileRef = 2B9D75AB146526FD00773D5A /* UpdateViewController_iPad.xib */; };
		2B9D75B51465277500773D5A /* SettingsViewController.m in Sources */ = {isa = PBXBuildFile; fileRef = 2B9D75B41465277500773D5A /* SettingsViewController.m */; };
		2B9D75B8146529BC00773D5A /* SettingsViewController_iPhone.xib in Resources */ = {isa = PBXBuildFile; fileRef = 2B9D75B6146529BC00773D5A /* SettingsViewController_iPhone.xib */; };
		2B9D75C3146530B800773D5A /* 95-equalizer.png in Resources */ = {isa = PBXBuildFile; fileRef = 2B9D75C1146530B800773D5A /* 95-equalizer.png */; };
		2B9D75C4146530B800773D5A /* 95-equalizer@2x.png in Resources */ = {isa = PBXBuildFile; fileRef = 2B9D75C2146530B800773D5A /* 95-equalizer@2x.png */; };
		2B9D75C7146530F100773D5A /* 16-line-chart.png in Resources */ = {isa = PBXBuildFile; fileRef = 2B9D75C5146530F000773D5A /* 16-line-chart.png */; };
		2B9D75C8146530F100773D5A /* 16-line-chart@2x.png in Resources */ = {isa = PBXBuildFile; fileRef = 2B9D75C6146530F000773D5A /* 16-line-chart@2x.png */; };
		2B9D75CB1465313200773D5A /* 122-stats.png in Resources */ = {isa = PBXBuildFile; fileRef = 2B9D75C91465313100773D5A /* 122-stats.png */; };
		2B9D75CC1465313200773D5A /* 122-stats@2x.png in Resources */ = {isa = PBXBuildFile; fileRef = 2B9D75CA1465313200773D5A /* 122-stats@2x.png */; };
		2B9D75CF1465315E00773D5A /* 157-wrench.png in Resources */ = {isa = PBXBuildFile; fileRef = 2B9D75CD1465315E00773D5A /* 157-wrench.png */; };
		2B9D75D01465315E00773D5A /* 157-wrench@2x.png in Resources */ = {isa = PBXBuildFile; fileRef = 2B9D75CE1465315E00773D5A /* 157-wrench@2x.png */; };
		2B9D75D31465318700773D5A /* 187-pencil.png in Resources */ = {isa = PBXBuildFile; fileRef = 2B9D75D11465318700773D5A /* 187-pencil.png */; };
		2B9D75D41465318700773D5A /* 187-pencil@2x.png in Resources */ = {isa = PBXBuildFile; fileRef = 2B9D75D21465318700773D5A /* 187-pencil@2x.png */; };
		2B9D75D71465327A00773D5A /* SettingsViewController_iPad.xib in Resources */ = {isa = PBXBuildFile; fileRef = 2B9D75D51465327A00773D5A /* SettingsViewController_iPad.xib */; };
/* End PBXBuildFile section */

/* Begin PBXFileReference section */
		2B208A4F14731DDB00B25E51 /* NSObject+SBJson.h */ = {isa = PBXFileReference; fileEncoding = 4; lastKnownFileType = sourcecode.c.h; path = "NSObject+SBJson.h"; sourceTree = "<group>"; };
		2B208A5014731DDB00B25E51 /* NSObject+SBJson.m */ = {isa = PBXFileReference; fileEncoding = 4; lastKnownFileType = sourcecode.c.objc; path = "NSObject+SBJson.m"; sourceTree = "<group>"; };
		2B208A5114731DDB00B25E51 /* SBJson.h */ = {isa = PBXFileReference; fileEncoding = 4; lastKnownFileType = sourcecode.c.h; path = SBJson.h; sourceTree = "<group>"; };
		2B208A5214731DDB00B25E51 /* SBJsonParser.h */ = {isa = PBXFileReference; fileEncoding = 4; lastKnownFileType = sourcecode.c.h; path = SBJsonParser.h; sourceTree = "<group>"; };
		2B208A5314731DDB00B25E51 /* SBJsonParser.m */ = {isa = PBXFileReference; fileEncoding = 4; lastKnownFileType = sourcecode.c.objc; path = SBJsonParser.m; sourceTree = "<group>"; };
		2B208A5414731DDB00B25E51 /* SBJsonStreamParser.h */ = {isa = PBXFileReference; fileEncoding = 4; lastKnownFileType = sourcecode.c.h; path = SBJsonStreamParser.h; sourceTree = "<group>"; };
		2B208A5514731DDB00B25E51 /* SBJsonStreamParser.m */ = {isa = PBXFileReference; fileEncoding = 4; lastKnownFileType = sourcecode.c.objc; path = SBJsonStreamParser.m; sourceTree = "<group>"; };
		2B208A5614731DDB00B25E51 /* SBJsonStreamParserAccumulator.h */ = {isa = PBXFileReference; fileEncoding = 4; lastKnownFileType = sourcecode.c.h; path = SBJsonStreamParserAccumulator.h; sourceTree = "<group>"; };
		2B208A5714731DDB00B25E51 /* SBJsonStreamParserAccumulator.m */ = {isa = PBXFileReference; fileEncoding = 4; lastKnownFileType = sourcecode.c.objc; path = SBJsonStreamParserAccumulator.m; sourceTree = "<group>"; };
		2B208A5814731DDB00B25E51 /* SBJsonStreamParserAdapter.h */ = {isa = PBXFileReference; fileEncoding = 4; lastKnownFileType = sourcecode.c.h; path = SBJsonStreamParserAdapter.h; sourceTree = "<group>"; };
		2B208A5914731DDB00B25E51 /* SBJsonStreamParserAdapter.m */ = {isa = PBXFileReference; fileEncoding = 4; lastKnownFileType = sourcecode.c.objc; path = SBJsonStreamParserAdapter.m; sourceTree = "<group>"; };
		2B208A5A14731DDB00B25E51 /* SBJsonStreamParserState.h */ = {isa = PBXFileReference; fileEncoding = 4; lastKnownFileType = sourcecode.c.h; path = SBJsonStreamParserState.h; sourceTree = "<group>"; };
		2B208A5B14731DDB00B25E51 /* SBJsonStreamParserState.m */ = {isa = PBXFileReference; fileEncoding = 4; lastKnownFileType = sourcecode.c.objc; path = SBJsonStreamParserState.m; sourceTree = "<group>"; };
		2B208A5C14731DDB00B25E51 /* SBJsonStreamWriter.h */ = {isa = PBXFileReference; fileEncoding = 4; lastKnownFileType = sourcecode.c.h; path = SBJsonStreamWriter.h; sourceTree = "<group>"; };
		2B208A5D14731DDB00B25E51 /* SBJsonStreamWriter.m */ = {isa = PBXFileReference; fileEncoding = 4; lastKnownFileType = sourcecode.c.objc; path = SBJsonStreamWriter.m; sourceTree = "<group>"; };
		2B208A5E14731DDB00B25E51 /* SBJsonStreamWriterAccumulator.h */ = {isa = PBXFileReference; fileEncoding = 4; lastKnownFileType = sourcecode.c.h; path = SBJsonStreamWriterAccumulator.h; sourceTree = "<group>"; };
		2B208A5F14731DDB00B25E51 /* SBJsonStreamWriterAccumulator.m */ = {isa = PBXFileReference; fileEncoding = 4; lastKnownFileType = sourcecode.c.objc; path = SBJsonStreamWriterAccumulator.m; sourceTree = "<group>"; };
		2B208A6014731DDB00B25E51 /* SBJsonStreamWriterState.h */ = {isa = PBXFileReference; fileEncoding = 4; lastKnownFileType = sourcecode.c.h; path = SBJsonStreamWriterState.h; sourceTree = "<group>"; };
		2B208A6114731DDB00B25E51 /* SBJsonStreamWriterState.m */ = {isa = PBXFileReference; fileEncoding = 4; lastKnownFileType = sourcecode.c.objc; path = SBJsonStreamWriterState.m; sourceTree = "<group>"; };
		2B208A6214731DDB00B25E51 /* SBJsonTokeniser.h */ = {isa = PBXFileReference; fileEncoding = 4; lastKnownFileType = sourcecode.c.h; path = SBJsonTokeniser.h; sourceTree = "<group>"; };
		2B208A6314731DDB00B25E51 /* SBJsonTokeniser.m */ = {isa = PBXFileReference; fileEncoding = 4; lastKnownFileType = sourcecode.c.objc; path = SBJsonTokeniser.m; sourceTree = "<group>"; };
		2B208A6414731DDB00B25E51 /* SBJsonUTF8Stream.h */ = {isa = PBXFileReference; fileEncoding = 4; lastKnownFileType = sourcecode.c.h; path = SBJsonUTF8Stream.h; sourceTree = "<group>"; };
		2B208A6514731DDB00B25E51 /* SBJsonUTF8Stream.m */ = {isa = PBXFileReference; fileEncoding = 4; lastKnownFileType = sourcecode.c.objc; path = SBJsonUTF8Stream.m; sourceTree = "<group>"; };
		2B208A6614731DDB00B25E51 /* SBJsonWriter.h */ = {isa = PBXFileReference; fileEncoding = 4; lastKnownFileType = sourcecode.c.h; path = SBJsonWriter.h; sourceTree = "<group>"; };
		2B208A6714731DDB00B25E51 /* SBJsonWriter.m */ = {isa = PBXFileReference; fileEncoding = 4; lastKnownFileType = sourcecode.c.objc; path = SBJsonWriter.m; sourceTree = "<group>"; };
		2B294F8D1472F2130096857A /* 103-map.png */ = {isa = PBXFileReference; lastKnownFileType = image.png; path = "103-map.png"; sourceTree = "<group>"; };
		2B294F8E1472F2130096857A /* 103-map@2x.png */ = {isa = PBXFileReference; lastKnownFileType = image.png; path = "103-map@2x.png"; sourceTree = "<group>"; };
		2B294F971472F8720096857A /* CoreLocation.framework */ = {isa = PBXFileReference; lastKnownFileType = wrapper.framework; name = CoreLocation.framework; path = System/Library/Frameworks/CoreLocation.framework; sourceTree = SDKROOT; };
		2B294F991472F9640096857A /* CLController.h */ = {isa = PBXFileReference; fileEncoding = 4; lastKnownFileType = sourcecode.c.h; path = CLController.h; sourceTree = "<group>"; };
		2B294F9A1472F9640096857A /* CLController.m */ = {isa = PBXFileReference; fileEncoding = 4; lastKnownFileType = sourcecode.c.objc; path = CLController.m; sourceTree = "<group>"; };
		2B294F9C147303010096857A /* MapKit.framework */ = {isa = PBXFileReference; lastKnownFileType = wrapper.framework; name = MapKit.framework; path = System/Library/Frameworks/MapKit.framework; sourceTree = SDKROOT; };
		2B891B161472F08B00FB908B /* MapViewController.h */ = {isa = PBXFileReference; fileEncoding = 4; lastKnownFileType = sourcecode.c.h; path = MapViewController.h; sourceTree = "<group>"; };
		2B891B171472F08B00FB908B /* MapViewController.m */ = {isa = PBXFileReference; fileEncoding = 4; lastKnownFileType = sourcecode.c.objc; path = MapViewController.m; sourceTree = "<group>"; };
		2B891B1D1472F0EA00FB908B /* en */ = {isa = PBXFileReference; lastKnownFileType = file.xib; name = en; path = PachFeed/en.lproj/MapViewController_iPhone.xib; sourceTree = "<group>"; };
		2B9D757E146526FD00773D5A /* PachFeed.app */ = {isa = PBXFileReference; explicitFileType = wrapper.application; includeInIndex = 0; path = PachFeed.app; sourceTree = BUILT_PRODUCTS_DIR; };
		2B9D7582146526FD00773D5A /* UIKit.framework */ = {isa = PBXFileReference; lastKnownFileType = wrapper.framework; name = UIKit.framework; path = System/Library/Frameworks/UIKit.framework; sourceTree = SDKROOT; };
		2B9D7584146526FD00773D5A /* Foundation.framework */ = {isa = PBXFileReference; lastKnownFileType = wrapper.framework; name = Foundation.framework; path = System/Library/Frameworks/Foundation.framework; sourceTree = SDKROOT; };
		2B9D7586146526FD00773D5A /* CoreGraphics.framework */ = {isa = PBXFileReference; lastKnownFileType = wrapper.framework; name = CoreGraphics.framework; path = System/Library/Frameworks/CoreGraphics.framework; sourceTree = SDKROOT; };
		2B9D758A146526FD00773D5A /* PachFeed-Info.plist */ = {isa = PBXFileReference; lastKnownFileType = text.plist.xml; path = "PachFeed-Info.plist"; sourceTree = "<group>"; };
		2B9D758C146526FD00773D5A /* en */ = {isa = PBXFileReference; lastKnownFileType = text.plist.strings; name = en; path = en.lproj/InfoPlist.strings; sourceTree = "<group>"; };
		2B9D758E146526FD00773D5A /* main.m */ = {isa = PBXFileReference; lastKnownFileType = sourcecode.c.objc; path = main.m; sourceTree = "<group>"; };
		2B9D7590146526FD00773D5A /* PachFeed-Prefix.pch */ = {isa = PBXFileReference; lastKnownFileType = sourcecode.c.h; path = "PachFeed-Prefix.pch"; sourceTree = "<group>"; };
		2B9D7591146526FD00773D5A /* AppDelegate.h */ = {isa = PBXFileReference; lastKnownFileType = sourcecode.c.h; path = AppDelegate.h; sourceTree = "<group>"; };
		2B9D7592146526FD00773D5A /* AppDelegate.m */ = {isa = PBXFileReference; lastKnownFileType = sourcecode.c.objc; path = AppDelegate.m; sourceTree = "<group>"; };
		2B9D7594146526FD00773D5A /* FeedViewController.h */ = {isa = PBXFileReference; lastKnownFileType = sourcecode.c.h; path = FeedViewController.h; sourceTree = "<group>"; };
		2B9D7595146526FD00773D5A /* FeedViewController.m */ = {isa = PBXFileReference; lastKnownFileType = sourcecode.c.objc; path = FeedViewController.m; sourceTree = "<group>"; };
		2B9D759B146526FD00773D5A /* UpdateViewController.h */ = {isa = PBXFileReference; lastKnownFileType = sourcecode.c.h; path = UpdateViewController.h; sourceTree = "<group>"; };
		2B9D759C146526FD00773D5A /* UpdateViewController.m */ = {isa = PBXFileReference; lastKnownFileType = sourcecode.c.objc; path = UpdateViewController.m; sourceTree = "<group>"; };
		2B9D75A3146526FD00773D5A /* en */ = {isa = PBXFileReference; lastKnownFileType = file.xib; name = en; path = en.lproj/FeedViewController_iPhone.xib; sourceTree = "<group>"; };
		2B9D75A6146526FD00773D5A /* en */ = {isa = PBXFileReference; lastKnownFileType = file.xib; name = en; path = en.lproj/FeedViewController_iPad.xib; sourceTree = "<group>"; };
		2B9D75A9146526FD00773D5A /* en */ = {isa = PBXFileReference; lastKnownFileType = file.xib; name = en; path = en.lproj/UpdateViewController_iPhone.xib; sourceTree = "<group>"; };
		2B9D75AC146526FD00773D5A /* en */ = {isa = PBXFileReference; lastKnownFileType = file.xib; name = en; path = en.lproj/UpdateViewController_iPad.xib; sourceTree = "<group>"; };
		2B9D75B31465277500773D5A /* SettingsViewController.h */ = {isa = PBXFileReference; fileEncoding = 4; lastKnownFileType = sourcecode.c.h; path = SettingsViewController.h; sourceTree = "<group>"; };
		2B9D75B41465277500773D5A /* SettingsViewController.m */ = {isa = PBXFileReference; fileEncoding = 4; lastKnownFileType = sourcecode.c.objc; path = SettingsViewController.m; sourceTree = "<group>"; };
		2B9D75B7146529BC00773D5A /* en */ = {isa = PBXFileReference; lastKnownFileType = file.xib; name = en; path = en.lproj/SettingsViewController_iPhone.xib; sourceTree = "<group>"; };
		2B9D75C1146530B800773D5A /* 95-equalizer.png */ = {isa = PBXFileReference; lastKnownFileType = image.png; path = "95-equalizer.png"; sourceTree = "<group>"; };
		2B9D75C2146530B800773D5A /* 95-equalizer@2x.png */ = {isa = PBXFileReference; lastKnownFileType = image.png; path = "95-equalizer@2x.png"; sourceTree = "<group>"; };
		2B9D75C5146530F000773D5A /* 16-line-chart.png */ = {isa = PBXFileReference; lastKnownFileType = image.png; path = "16-line-chart.png"; sourceTree = "<group>"; };
		2B9D75C6146530F000773D5A /* 16-line-chart@2x.png */ = {isa = PBXFileReference; lastKnownFileType = image.png; path = "16-line-chart@2x.png"; sourceTree = "<group>"; };
		2B9D75C91465313100773D5A /* 122-stats.png */ = {isa = PBXFileReference; lastKnownFileType = image.png; path = "122-stats.png"; sourceTree = "<group>"; };
		2B9D75CA1465313200773D5A /* 122-stats@2x.png */ = {isa = PBXFileReference; lastKnownFileType = image.png; path = "122-stats@2x.png"; sourceTree = "<group>"; };
		2B9D75CD1465315E00773D5A /* 157-wrench.png */ = {isa = PBXFileReference; lastKnownFileType = image.png; path = "157-wrench.png"; sourceTree = "<group>"; };
		2B9D75CE1465315E00773D5A /* 157-wrench@2x.png */ = {isa = PBXFileReference; lastKnownFileType = image.png; path = "157-wrench@2x.png"; sourceTree = "<group>"; };
		2B9D75D11465318700773D5A /* 187-pencil.png */ = {isa = PBXFileReference; lastKnownFileType = image.png; path = "187-pencil.png"; sourceTree = "<group>"; };
		2B9D75D21465318700773D5A /* 187-pencil@2x.png */ = {isa = PBXFileReference; lastKnownFileType = image.png; path = "187-pencil@2x.png"; sourceTree = "<group>"; };
		2B9D75D61465327A00773D5A /* en */ = {isa = PBXFileReference; lastKnownFileType = file.xib; name = en; path = en.lproj/SettingsViewController_iPad.xib; sourceTree = "<group>"; };
/* End PBXFileReference section */

/* Begin PBXFrameworksBuildPhase section */
		2B9D757B146526FD00773D5A /* Frameworks */ = {
			isa = PBXFrameworksBuildPhase;
			buildActionMask = 2147483647;
			files = (
				2B294F9D147303010096857A /* MapKit.framework in Frameworks */,
				2B294F981472F8720096857A /* CoreLocation.framework in Frameworks */,
				2B9D7583146526FD00773D5A /* UIKit.framework in Frameworks */,
				2B9D7585146526FD00773D5A /* Foundation.framework in Frameworks */,
				2B9D7587146526FD00773D5A /* CoreGraphics.framework in Frameworks */,
			);
			runOnlyForDeploymentPostprocessing = 0;
		};
/* End PBXFrameworksBuildPhase section */

/* Begin PBXGroup section */
		2B208A4D14731DC400B25E51 /* JSON */ = {
			isa = PBXGroup;
			children = (
				2B208A4F14731DDB00B25E51 /* NSObject+SBJson.h */,
				2B208A5014731DDB00B25E51 /* NSObject+SBJson.m */,
				2B208A5114731DDB00B25E51 /* SBJson.h */,
				2B208A5214731DDB00B25E51 /* SBJsonParser.h */,
				2B208A5314731DDB00B25E51 /* SBJsonParser.m */,
				2B208A5414731DDB00B25E51 /* SBJsonStreamParser.h */,
				2B208A5514731DDB00B25E51 /* SBJsonStreamParser.m */,
				2B208A5614731DDB00B25E51 /* SBJsonStreamParserAccumulator.h */,
				2B208A5714731DDB00B25E51 /* SBJsonStreamParserAccumulator.m */,
				2B208A5814731DDB00B25E51 /* SBJsonStreamParserAdapter.h */,
				2B208A5914731DDB00B25E51 /* SBJsonStreamParserAdapter.m */,
				2B208A5A14731DDB00B25E51 /* SBJsonStreamParserState.h */,
				2B208A5B14731DDB00B25E51 /* SBJsonStreamParserState.m */,
				2B208A5C14731DDB00B25E51 /* SBJsonStreamWriter.h */,
				2B208A5D14731DDB00B25E51 /* SBJsonStreamWriter.m */,
				2B208A5E14731DDB00B25E51 /* SBJsonStreamWriterAccumulator.h */,
				2B208A5F14731DDB00B25E51 /* SBJsonStreamWriterAccumulator.m */,
				2B208A6014731DDB00B25E51 /* SBJsonStreamWriterState.h */,
				2B208A6114731DDB00B25E51 /* SBJsonStreamWriterState.m */,
				2B208A6214731DDB00B25E51 /* SBJsonTokeniser.h */,
				2B208A6314731DDB00B25E51 /* SBJsonTokeniser.m */,
				2B208A6414731DDB00B25E51 /* SBJsonUTF8Stream.h */,
				2B208A6514731DDB00B25E51 /* SBJsonUTF8Stream.m */,
				2B208A6614731DDB00B25E51 /* SBJsonWriter.h */,
				2B208A6714731DDB00B25E51 /* SBJsonWriter.m */,
			);
			name = JSON;
			sourceTree = "<group>";
		};
		2B9D7573146526FD00773D5A = {
			isa = PBXGroup;
			children = (
				2B294F9C147303010096857A /* MapKit.framework */,
				2B294F971472F8720096857A /* CoreLocation.framework */,
				2B9D7588146526FD00773D5A /* PachFeed */,
				2B9D7581146526FD00773D5A /* Frameworks */,
				2B9D757F146526FD00773D5A /* Products */,
			);
			sourceTree = "<group>";
		};
		2B9D757F146526FD00773D5A /* Products */ = {
			isa = PBXGroup;
			children = (
				2B9D757E146526FD00773D5A /* PachFeed.app */,
			);
			name = Products;
			sourceTree = "<group>";
		};
		2B9D7581146526FD00773D5A /* Frameworks */ = {
			isa = PBXGroup;
			children = (
				2B9D7582146526FD00773D5A /* UIKit.framework */,
				2B9D7584146526FD00773D5A /* Foundation.framework */,
				2B9D7586146526FD00773D5A /* CoreGraphics.framework */,
			);
			name = Frameworks;
			sourceTree = "<group>";
		};
		2B9D7588146526FD00773D5A /* PachFeed */ = {
			isa = PBXGroup;
			children = (
				2B208A4D14731DC400B25E51 /* JSON */,
				2B294F8D1472F2130096857A /* 103-map.png */,
				2B294F8E1472F2130096857A /* 103-map@2x.png */,
				2B9D75D11465318700773D5A /* 187-pencil.png */,
				2B9D75D21465318700773D5A /* 187-pencil@2x.png */,
				2B9D75CD1465315E00773D5A /* 157-wrench.png */,
				2B9D75CE1465315E00773D5A /* 157-wrench@2x.png */,
				2B9D75C91465313100773D5A /* 122-stats.png */,
				2B9D75CA1465313200773D5A /* 122-stats@2x.png */,
				2B9D75C5146530F000773D5A /* 16-line-chart.png */,
				2B9D75C6146530F000773D5A /* 16-line-chart@2x.png */,
				2B9D75C1146530B800773D5A /* 95-equalizer.png */,
				2B9D75C2146530B800773D5A /* 95-equalizer@2x.png */,
				2B9D7591146526FD00773D5A /* AppDelegate.h */,
				2B9D7592146526FD00773D5A /* AppDelegate.m */,
				2B891B161472F08B00FB908B /* MapViewController.h */,
				2B891B171472F08B00FB908B /* MapViewController.m */,
				2B9D75B31465277500773D5A /* SettingsViewController.h */,
				2B9D75B41465277500773D5A /* SettingsViewController.m */,
				2B9D7594146526FD00773D5A /* FeedViewController.h */,
				2B9D7595146526FD00773D5A /* FeedViewController.m */,
				2B9D759B146526FD00773D5A /* UpdateViewController.h */,
				2B9D759C146526FD00773D5A /* UpdateViewController.m */,
				2B891B1C1472F0EA00FB908B /* MapViewController_iPhone.xib */,
				2B9D75A2146526FD00773D5A /* FeedViewController_iPhone.xib */,
				2B9D75A5146526FD00773D5A /* FeedViewController_iPad.xib */,
				2B9D75A8146526FD00773D5A /* UpdateViewController_iPhone.xib */,
				2B9D75AB146526FD00773D5A /* UpdateViewController_iPad.xib */,
				2B9D75B6146529BC00773D5A /* SettingsViewController_iPhone.xib */,
				2B9D75D51465327A00773D5A /* SettingsViewController_iPad.xib */,
				2B9D7589146526FD00773D5A /* Supporting Files */,
				2B294F991472F9640096857A /* CLController.h */,
				2B294F9A1472F9640096857A /* CLController.m */,
			);
			path = PachFeed;
			sourceTree = "<group>";
		};
		2B9D7589146526FD00773D5A /* Supporting Files */ = {
			isa = PBXGroup;
			children = (
				2B9D758A146526FD00773D5A /* PachFeed-Info.plist */,
				2B9D758B146526FD00773D5A /* InfoPlist.strings */,
				2B9D758E146526FD00773D5A /* main.m */,
				2B9D7590146526FD00773D5A /* PachFeed-Prefix.pch */,
			);
			name = "Supporting Files";
			sourceTree = "<group>";
		};
/* End PBXGroup section */

/* Begin PBXNativeTarget section */
		2B9D757D146526FD00773D5A /* PachFeed */ = {
			isa = PBXNativeTarget;
			buildConfigurationList = 2B9D75B0146526FD00773D5A /* Build configuration list for PBXNativeTarget "PachFeed" */;
			buildPhases = (
				2B9D757A146526FD00773D5A /* Sources */,
				2B9D757B146526FD00773D5A /* Frameworks */,
				2B9D757C146526FD00773D5A /* Resources */,
			);
			buildRules = (
			);
			dependencies = (
			);
			name = PachFeed;
			productName = PachFeed;
			productReference = 2B9D757E146526FD00773D5A /* PachFeed.app */;
			productType = "com.apple.product-type.application";
		};
/* End PBXNativeTarget section */

/* Begin PBXProject section */
		2B9D7575146526FD00773D5A /* Project object */ = {
			isa = PBXProject;
			attributes = {
				LastUpgradeCheck = 0420;
			};
			buildConfigurationList = 2B9D7578146526FD00773D5A /* Build configuration list for PBXProject "PachFeed" */;
			compatibilityVersion = "Xcode 3.2";
			developmentRegion = English;
			hasScannedForEncodings = 0;
			knownRegions = (
				en,
			);
			mainGroup = 2B9D7573146526FD00773D5A;
			productRefGroup = 2B9D757F146526FD00773D5A /* Products */;
			projectDirPath = "";
			projectRoot = "";
			targets = (
				2B9D757D146526FD00773D5A /* PachFeed */,
			);
		};
/* End PBXProject section */

/* Begin PBXResourcesBuildPhase section */
		2B9D757C146526FD00773D5A /* Resources */ = {
			isa = PBXResourcesBuildPhase;
			buildActionMask = 2147483647;
			files = (
				2B9D758D146526FD00773D5A /* InfoPlist.strings in Resources */,
				2B9D75A4146526FD00773D5A /* FeedViewController_iPhone.xib in Resources */,
				2B9D75A7146526FD00773D5A /* FeedViewController_iPad.xib in Resources */,
				2B9D75AA146526FD00773D5A /* UpdateViewController_iPhone.xib in Resources */,
				2B9D75AD146526FD00773D5A /* UpdateViewController_iPad.xib in Resources */,
				2B9D75B8146529BC00773D5A /* SettingsViewController_iPhone.xib in Resources */,
				2B9D75C3146530B800773D5A /* 95-equalizer.png in Resources */,
				2B9D75C4146530B800773D5A /* 95-equalizer@2x.png in Resources */,
				2B9D75C7146530F100773D5A /* 16-line-chart.png in Resources */,
				2B9D75C8146530F100773D5A /* 16-line-chart@2x.png in Resources */,
				2B9D75CB1465313200773D5A /* 122-stats.png in Resources */,
				2B9D75CC1465313200773D5A /* 122-stats@2x.png in Resources */,
				2B9D75CF1465315E00773D5A /* 157-wrench.png in Resources */,
				2B9D75D01465315E00773D5A /* 157-wrench@2x.png in Resources */,
				2B9D75D31465318700773D5A /* 187-pencil.png in Resources */,
				2B9D75D41465318700773D5A /* 187-pencil@2x.png in Resources */,
				2B9D75D71465327A00773D5A /* SettingsViewController_iPad.xib in Resources */,
				2B891B1E1472F0EA00FB908B /* MapViewController_iPhone.xib in Resources */,
				2B294F8F1472F2130096857A /* 103-map.png in Resources */,
				2B294F901472F2130096857A /* 103-map@2x.png in Resources */,
			);
			runOnlyForDeploymentPostprocessing = 0;
		};
/* End PBXResourcesBuildPhase section */

/* Begin PBXSourcesBuildPhase section */
		2B9D757A146526FD00773D5A /* Sources */ = {
			isa = PBXSourcesBuildPhase;
			buildActionMask = 2147483647;
			files = (
				2B9D758F146526FD00773D5A /* main.m in Sources */,
				2B9D7593146526FD00773D5A /* AppDelegate.m in Sources */,
				2B9D7596146526FD00773D5A /* FeedViewController.m in Sources */,
				2B9D759D146526FD00773D5A /* UpdateViewController.m in Sources */,
				2B9D75B51465277500773D5A /* SettingsViewController.m in Sources */,
				2B891B181472F08B00FB908B /* MapViewController.m in Sources */,
				2B294F9B1472F9640096857A /* CLController.m in Sources */,
				2B208A6814731DDB00B25E51 /* NSObject+SBJson.m in Sources */,
				2B208A6914731DDB00B25E51 /* SBJsonParser.m in Sources */,
				2B208A6A14731DDB00B25E51 /* SBJsonStreamParser.m in Sources */,
				2B208A6B14731DDB00B25E51 /* SBJsonStreamParserAccumulator.m in Sources */,
				2B208A6C14731DDB00B25E51 /* SBJsonStreamParserAdapter.m in Sources */,
				2B208A6D14731DDB00B25E51 /* SBJsonStreamParserState.m in Sources */,
				2B208A6E14731DDB00B25E51 /* SBJsonStreamWriter.m in Sources */,
				2B208A6F14731DDB00B25E51 /* SBJsonStreamWriterAccumulator.m in Sources */,
				2B208A7014731DDB00B25E51 /* SBJsonStreamWriterState.m in Sources */,
				2B208A7114731DDB00B25E51 /* SBJsonTokeniser.m in Sources */,
				2B208A7214731DDB00B25E51 /* SBJsonUTF8Stream.m in Sources */,
				2B208A7314731DDB00B25E51 /* SBJsonWriter.m in Sources */,
			);
			runOnlyForDeploymentPostprocessing = 0;
		};
/* End PBXSourcesBuildPhase section */

/* Begin PBXVariantGroup section */
		2B891B1C1472F0EA00FB908B /* MapViewController_iPhone.xib */ = {
			isa = PBXVariantGroup;
			children = (
				2B891B1D1472F0EA00FB908B /* en */,
			);
			name = MapViewController_iPhone.xib;
			path = ..;
			sourceTree = "<group>";
		};
		2B9D758B146526FD00773D5A /* InfoPlist.strings */ = {
			isa = PBXVariantGroup;
			children = (
				2B9D758C146526FD00773D5A /* en */,
			);
			name = InfoPlist.strings;
			sourceTree = "<group>";
		};
		2B9D75A2146526FD00773D5A /* FeedViewController_iPhone.xib */ = {
			isa = PBXVariantGroup;
			children = (
				2B9D75A3146526FD00773D5A /* en */,
			);
			name = FeedViewController_iPhone.xib;
			sourceTree = "<group>";
		};
		2B9D75A5146526FD00773D5A /* FeedViewController_iPad.xib */ = {
			isa = PBXVariantGroup;
			children = (
				2B9D75A6146526FD00773D5A /* en */,
			);
			name = FeedViewController_iPad.xib;
			sourceTree = "<group>";
		};
		2B9D75A8146526FD00773D5A /* UpdateViewController_iPhone.xib */ = {
			isa = PBXVariantGroup;
			children = (
				2B9D75A9146526FD00773D5A /* en */,
			);
			name = UpdateViewController_iPhone.xib;
			sourceTree = "<group>";
		};
		2B9D75AB146526FD00773D5A /* UpdateViewController_iPad.xib */ = {
			isa = PBXVariantGroup;
			children = (
				2B9D75AC146526FD00773D5A /* en */,
			);
			name = UpdateViewController_iPad.xib;
			sourceTree = "<group>";
		};
		2B9D75B6146529BC00773D5A /* SettingsViewController_iPhone.xib */ = {
			isa = PBXVariantGroup;
			children = (
				2B9D75B7146529BC00773D5A /* en */,
			);
			name = SettingsViewController_iPhone.xib;
			sourceTree = "<group>";
		};
		2B9D75D51465327A00773D5A /* SettingsViewController_iPad.xib */ = {
			isa = PBXVariantGroup;
			children = (
				2B9D75D61465327A00773D5A /* en */,
			);
			name = SettingsViewController_iPad.xib;
			sourceTree = "<group>";
		};
/* End PBXVariantGroup section */

/* Begin XCBuildConfiguration section */
		2B9D75AE146526FD00773D5A /* Debug */ = {
			isa = XCBuildConfiguration;
			buildSettings = {
				ALWAYS_SEARCH_USER_PATHS = NO;
				ARCHS = "$(ARCHS_STANDARD_32_BIT)";
				"CODE_SIGN_IDENTITY[sdk=iphoneos*]" = "iPhone Developer";
				COPY_PHASE_STRIP = NO;
				GCC_C_LANGUAGE_STANDARD = gnu99;
				GCC_DYNAMIC_NO_PIC = NO;
				GCC_OPTIMIZATION_LEVEL = 0;
				GCC_PREPROCESSOR_DEFINITIONS = (
					"DEBUG=1",
					"$(inherited)",
				);
				GCC_SYMBOLS_PRIVATE_EXTERN = NO;
				GCC_VERSION = com.apple.compilers.llvm.clang.1_0;
				GCC_WARN_ABOUT_MISSING_PROTOTYPES = YES;
				GCC_WARN_ABOUT_RETURN_TYPE = YES;
				GCC_WARN_UNUSED_VARIABLE = YES;
				IPHONEOS_DEPLOYMENT_TARGET = 5.0;
				SDKROOT = iphoneos;
				TARGETED_DEVICE_FAMILY = "1,2";
			};
			name = Debug;
		};
		2B9D75AF146526FD00773D5A /* Release */ = {
			isa = XCBuildConfiguration;
			buildSettings = {
				ALWAYS_SEARCH_USER_PATHS = NO;
				ARCHS = "$(ARCHS_STANDARD_32_BIT)";
				"CODE_SIGN_IDENTITY[sdk=iphoneos*]" = "iPhone Developer";
				COPY_PHASE_STRIP = YES;
				GCC_C_LANGUAGE_STANDARD = gnu99;
				GCC_VERSION = com.apple.compilers.llvm.clang.1_0;
				GCC_WARN_ABOUT_MISSING_PROTOTYPES = YES;
				GCC_WARN_ABOUT_RETURN_TYPE = YES;
				GCC_WARN_UNUSED_VARIABLE = YES;
				IPHONEOS_DEPLOYMENT_TARGET = 5.0;
				OTHER_CFLAGS = "-DNS_BLOCK_ASSERTIONS=1";
				SDKROOT = iphoneos;
				TARGETED_DEVICE_FAMILY = "1,2";
				VALIDATE_PRODUCT = YES;
			};
			name = Release;
		};
		2B9D75B1146526FD00773D5A /* Debug */ = {
			isa = XCBuildConfiguration;
			buildSettings = {
				GCC_PRECOMPILE_PREFIX_HEADER = YES;
				GCC_PREFIX_HEADER = "PachFeed/PachFeed-Prefix.pch";
				INFOPLIST_FILE = "PachFeed/PachFeed-Info.plist";
				PRODUCT_NAME = "$(TARGET_NAME)";
				WRAPPER_EXTENSION = app;
			};
			name = Debug;
		};
		2B9D75B2146526FD00773D5A /* Release */ = {
			isa = XCBuildConfiguration;
			buildSettings = {
				GCC_PRECOMPILE_PREFIX_HEADER = YES;
				GCC_PREFIX_HEADER = "PachFeed/PachFeed-Prefix.pch";
				INFOPLIST_FILE = "PachFeed/PachFeed-Info.plist";
				PRODUCT_NAME = "$(TARGET_NAME)";
				WRAPPER_EXTENSION = app;
			};
			name = Release;
		};
/* End XCBuildConfiguration section */

/* Begin XCConfigurationList section */
		2B9D7578146526FD00773D5A /* Build configuration list for PBXProject "PachFeed" */ = {
			isa = XCConfigurationList;
			buildConfigurations = (
				2B9D75AE146526FD00773D5A /* Debug */,
				2B9D75AF146526FD00773D5A /* Release */,
			);
			defaultConfigurationIsVisible = 0;
			defaultConfigurationName = Release;
		};
		2B9D75B0146526FD00773D5A /* Build configuration list for PBXNativeTarget "PachFeed" */ = {
			isa = XCConfigurationList;
			buildConfigurations = (
				2B9D75B1146526FD00773D5A /* Debug */,
				2B9D75B2146526FD00773D5A /* Release */,
			);
			defaultConfigurationIsVisible = 0;
			defaultConfigurationName = Release;
		};
/* End XCConfigurationList section */
	};
	rootObject = 2B9D7575146526FD00773D5A /* Project object */;
}
